
Microsoft Visual Studio Solution File, Format Version 12.00
Project("{FAE04EC0-301F-11D3-BF4B-00C04F79EFBC}") = "WebApplication2", "WebApplication2\WebApplication2.csproj", "{3DEFDC12-5751-4E1B-ADB7-81DF67B7A9AC}"
EndProject
Global
	GlobalSection(SolutionConfigurationPlatforms) = preSolution
		Debug|Any CPU = Debug|Any CPU
		Release|Any CPU = Release|Any CPU
	EndGlobalSection
	GlobalSection(ProjectConfigurationPlatforms) = postSolution
		{3DEFDC12-5751-4E1B-ADB7-81DF67B7A9AC}.Debug|Any CPU.ActiveCfg = Debug|Any CPU
		{3DEFDC12-5751-4E1B-ADB7-81DF67B7A9AC}.Debug|Any CPU.Build.0 = Debug|Any CPU
		{3DEFDC12-5751-4E1B-ADB7-81DF67B7A9AC}.Release|Any CPU.ActiveCfg = Release|Any CPU
		{3DEFDC12-5751-4E1B-ADB7-81DF67B7A9AC}.Release|Any CPU.Build.0 = Release|Any CPU
	EndGlobalSection
EndGlobal
